// !$*UTF8*$!
{
	archiveVersion = 1;
	classes = {
	};
	objectVersion = 46;
	objects = {

/* Begin PBXBuildFile section */
		226A14854F23BB74AC12BA4A /* (null) in Frameworks */ = {isa = PBXBuildFile; };
		58A32B63C82ACC7EB99F9CD5 /* libPods.a in Frameworks */ = {isa = PBXBuildFile; fileRef = 02EB8D03D3B0236FBD01C7D8 /* libPods.a */; };
		5E3880FB7A6AAFABC437818E /* libPods.a in Frameworks */ = {isa = PBXBuildFile; fileRef = 02EB8D03D3B0236FBD01C7D8 /* libPods.a */; };
		6443CB151C46E9880016F53E /* main.m in Sources */ = {isa = PBXBuildFile; fileRef = 6443CB141C46E9880016F53E /* main.m */; };
		6443CB181C46E9880016F53E /* AppDelegate.m in Sources */ = {isa = PBXBuildFile; fileRef = 6443CB171C46E9880016F53E /* AppDelegate.m */; };
		6443CB1B1C46E9880016F53E /* ViewController.m in Sources */ = {isa = PBXBuildFile; fileRef = 6443CB1A1C46E9880016F53E /* ViewController.m */; };
		6443CB1E1C46E9880016F53E /* Main.storyboard in Resources */ = {isa = PBXBuildFile; fileRef = 6443CB1C1C46E9880016F53E /* Main.storyboard */; };
		6443CB201C46E9880016F53E /* Assets.xcassets in Resources */ = {isa = PBXBuildFile; fileRef = 6443CB1F1C46E9880016F53E /* Assets.xcassets */; };
		6443CB231C46E9880016F53E /* LaunchScreen.storyboard in Resources */ = {isa = PBXBuildFile; fileRef = 6443CB211C46E9880016F53E /* LaunchScreen.storyboard */; };
		6443CB2E1C46E9880016F53E /* Memory_GameTests.m in Sources */ = {isa = PBXBuildFile; fileRef = 6443CB2D1C46E9880016F53E /* Memory_GameTests.m */; };
		6443CB391C46E9880016F53E /* Memory_GameUITests.m in Sources */ = {isa = PBXBuildFile; fileRef = 6443CB381C46E9880016F53E /* Memory_GameUITests.m */; };
		6443CB491C46F20D0016F53E /* FlickrHelper.m in Sources */ = {isa = PBXBuildFile; fileRef = 6443CB481C46F20D0016F53E /* FlickrHelper.m */; };
		6443CB4A1C46F20D0016F53E /* FlickrHelper.m in Sources */ = {isa = PBXBuildFile; fileRef = 6443CB481C46F20D0016F53E /* FlickrHelper.m */; };
		6443CB4B1C46F20D0016F53E /* FlickrHelper.m in Sources */ = {isa = PBXBuildFile; fileRef = 6443CB481C46F20D0016F53E /* FlickrHelper.m */; };
		6443CB4F1C479B920016F53E /* GameViewController.m in Sources */ = {isa = PBXBuildFile; fileRef = 6443CB4E1C479B920016F53E /* GameViewController.m */; };
		6443CB501C479B920016F53E /* GameViewController.m in Sources */ = {isa = PBXBuildFile; fileRef = 6443CB4E1C479B920016F53E /* GameViewController.m */; };
		6443CB511C479B920016F53E /* GameViewController.m in Sources */ = {isa = PBXBuildFile; fileRef = 6443CB4E1C479B920016F53E /* GameViewController.m */; };
		6443CB591C47B4E60016F53E /* PhotoCollectionViewCell.m in Sources */ = {isa = PBXBuildFile; fileRef = 6443CB581C47B4E60016F53E /* PhotoCollectionViewCell.m */; };
		6443CB5A1C47B4E60016F53E /* PhotoCollectionViewCell.m in Sources */ = {isa = PBXBuildFile; fileRef = 6443CB581C47B4E60016F53E /* PhotoCollectionViewCell.m */; };
		6443CB5B1C47B4E60016F53E /* PhotoCollectionViewCell.m in Sources */ = {isa = PBXBuildFile; fileRef = 6443CB581C47B4E60016F53E /* PhotoCollectionViewCell.m */; };
		91066D764050CBF856863F3B /* Pods_Memory_Game.framework in Frameworks */ = {isa = PBXBuildFile; fileRef = 28616B5394EBD008C5DBE407 /* Pods_Memory_Game.framework */; };
		A1260E19846CBAEDE4E137F7 /* libPods.a in Frameworks */ = {isa = PBXBuildFile; fileRef = 02EB8D03D3B0236FBD01C7D8 /* libPods.a */; };
		BAE332B1FEE891408B2680E1 /* (null) in Frameworks */ = {isa = PBXBuildFile; };
/* End PBXBuildFile section */

/* Begin PBXContainerItemProxy section */
		6443CB2A1C46E9880016F53E /* PBXContainerItemProxy */ = {
			isa = PBXContainerItemProxy;
			containerPortal = 6443CB081C46E9880016F53E /* Project object */;
			proxyType = 1;
			remoteGlobalIDString = 6443CB0F1C46E9880016F53E;
			remoteInfo = "Memory Game";
		};
		6443CB351C46E9880016F53E /* PBXContainerItemProxy */ = {
			isa = PBXContainerItemProxy;
			containerPortal = 6443CB081C46E9880016F53E /* Project object */;
			proxyType = 1;
			remoteGlobalIDString = 6443CB0F1C46E9880016F53E;
			remoteInfo = "Memory Game";
		};
/* End PBXContainerItemProxy section */

/* Begin PBXFileReference section */
		02EB8D03D3B0236FBD01C7D8 /* libPods.a */ = {isa = PBXFileReference; explicitFileType = archive.ar; includeInIndex = 0; path = libPods.a; sourceTree = BUILT_PRODUCTS_DIR; };
		04A9F8A2657FF8FB079EC6C8 /* Pods.debug.xcconfig */ = {isa = PBXFileReference; includeInIndex = 1; lastKnownFileType = text.xcconfig; name = Pods.debug.xcconfig; path = "Pods/Target Support Files/Pods/Pods.debug.xcconfig"; sourceTree = "<group>"; };
		28616B5394EBD008C5DBE407 /* Pods_Memory_Game.framework */ = {isa = PBXFileReference; explicitFileType = wrapper.framework; includeInIndex = 0; path = Pods_Memory_Game.framework; sourceTree = BUILT_PRODUCTS_DIR; };
		6443CB101C46E9880016F53E /* Memory Game.app */ = {isa = PBXFileReference; explicitFileType = wrapper.application; includeInIndex = 0; path = "Memory Game.app"; sourceTree = BUILT_PRODUCTS_DIR; };
		6443CB141C46E9880016F53E /* main.m */ = {isa = PBXFileReference; lastKnownFileType = sourcecode.c.objc; path = main.m; sourceTree = "<group>"; };
		6443CB161C46E9880016F53E /* AppDelegate.h */ = {isa = PBXFileReference; lastKnownFileType = sourcecode.c.h; path = AppDelegate.h; sourceTree = "<group>"; };
		6443CB171C46E9880016F53E /* AppDelegate.m */ = {isa = PBXFileReference; lastKnownFileType = sourcecode.c.objc; path = AppDelegate.m; sourceTree = "<group>"; };
		6443CB191C46E9880016F53E /* ViewController.h */ = {isa = PBXFileReference; lastKnownFileType = sourcecode.c.h; path = ViewController.h; sourceTree = "<group>"; };
		6443CB1A1C46E9880016F53E /* ViewController.m */ = {isa = PBXFileReference; lastKnownFileType = sourcecode.c.objc; path = ViewController.m; sourceTree = "<group>"; };
		6443CB1D1C46E9880016F53E /* Base */ = {isa = PBXFileReference; lastKnownFileType = file.storyboard; name = Base; path = Base.lproj/Main.storyboard; sourceTree = "<group>"; };
		6443CB1F1C46E9880016F53E /* Assets.xcassets */ = {isa = PBXFileReference; lastKnownFileType = folder.assetcatalog; path = Assets.xcassets; sourceTree = "<group>"; };
		6443CB221C46E9880016F53E /* Base */ = {isa = PBXFileReference; lastKnownFileType = file.storyboard; name = Base; path = Base.lproj/LaunchScreen.storyboard; sourceTree = "<group>"; };
		6443CB241C46E9880016F53E /* Info.plist */ = {isa = PBXFileReference; lastKnownFileType = text.plist.xml; path = Info.plist; sourceTree = "<group>"; };
		6443CB291C46E9880016F53E /* Memory GameTests.xctest */ = {isa = PBXFileReference; explicitFileType = wrapper.cfbundle; includeInIndex = 0; path = "Memory GameTests.xctest"; sourceTree = BUILT_PRODUCTS_DIR; };
		6443CB2D1C46E9880016F53E /* Memory_GameTests.m */ = {isa = PBXFileReference; lastKnownFileType = sourcecode.c.objc; path = Memory_GameTests.m; sourceTree = "<group>"; };
		6443CB2F1C46E9880016F53E /* Info.plist */ = {isa = PBXFileReference; lastKnownFileType = text.plist.xml; path = Info.plist; sourceTree = "<group>"; };
		6443CB341C46E9880016F53E /* Memory GameUITests.xctest */ = {isa = PBXFileReference; explicitFileType = wrapper.cfbundle; includeInIndex = 0; path = "Memory GameUITests.xctest"; sourceTree = BUILT_PRODUCTS_DIR; };
		6443CB381C46E9880016F53E /* Memory_GameUITests.m */ = {isa = PBXFileReference; lastKnownFileType = sourcecode.c.objc; path = Memory_GameUITests.m; sourceTree = "<group>"; };
		6443CB3A1C46E9880016F53E /* Info.plist */ = {isa = PBXFileReference; lastKnownFileType = text.plist.xml; path = Info.plist; sourceTree = "<group>"; };
		6443CB461C46F20D0016F53E /* FlickrAPIKey.h */ = {isa = PBXFileReference; fileEncoding = 4; lastKnownFileType = sourcecode.c.h; name = FlickrAPIKey.h; path = Flickr/FlickrAPIKey.h; sourceTree = "<group>"; };
		6443CB471C46F20D0016F53E /* FlickrHelper.h */ = {isa = PBXFileReference; fileEncoding = 4; lastKnownFileType = sourcecode.c.h; name = FlickrHelper.h; path = Flickr/FlickrHelper.h; sourceTree = "<group>"; };
		6443CB481C46F20D0016F53E /* FlickrHelper.m */ = {isa = PBXFileReference; fileEncoding = 4; lastKnownFileType = sourcecode.c.objc; name = FlickrHelper.m; path = Flickr/FlickrHelper.m; sourceTree = "<group>"; };
		6443CB4D1C479B920016F53E /* GameViewController.h */ = {isa = PBXFileReference; fileEncoding = 4; lastKnownFileType = sourcecode.c.h; path = GameViewController.h; sourceTree = "<group>"; };
		6443CB4E1C479B920016F53E /* GameViewController.m */ = {isa = PBXFileReference; fileEncoding = 4; lastKnownFileType = sourcecode.c.objc; path = GameViewController.m; sourceTree = "<group>"; };
		6443CB571C47B4E60016F53E /* PhotoCollectionViewCell.h */ = {isa = PBXFileReference; fileEncoding = 4; lastKnownFileType = sourcecode.c.h; path = PhotoCollectionViewCell.h; sourceTree = "<group>"; };
		6443CB581C47B4E60016F53E /* PhotoCollectionViewCell.m */ = {isa = PBXFileReference; fileEncoding = 4; lastKnownFileType = sourcecode.c.objc; path = PhotoCollectionViewCell.m; sourceTree = "<group>"; };
		7EEA09CBCCD55A621D120F1C /* Pods.release.xcconfig */ = {isa = PBXFileReference; includeInIndex = 1; lastKnownFileType = text.xcconfig; name = Pods.release.xcconfig; path = "Pods/Target Support Files/Pods/Pods.release.xcconfig"; sourceTree = "<group>"; };
/* End PBXFileReference section */

/* Begin PBXFrameworksBuildPhase section */
		6443CB0D1C46E9880016F53E /* Frameworks */ = {
			isa = PBXFrameworksBuildPhase;
			buildActionMask = 2147483647;
			files = (
				91066D764050CBF856863F3B /* Pods_Memory_Game.framework in Frameworks */,
				58A32B63C82ACC7EB99F9CD5 /* libPods.a in Frameworks */,
			);
			runOnlyForDeploymentPostprocessing = 0;
		};
		6443CB261C46E9880016F53E /* Frameworks */ = {
			isa = PBXFrameworksBuildPhase;
			buildActionMask = 2147483647;
			files = (
				226A14854F23BB74AC12BA4A /* (null) in Frameworks */,
				A1260E19846CBAEDE4E137F7 /* libPods.a in Frameworks */,
			);
			runOnlyForDeploymentPostprocessing = 0;
		};
		6443CB311C46E9880016F53E /* Frameworks */ = {
			isa = PBXFrameworksBuildPhase;
			buildActionMask = 2147483647;
			files = (
				BAE332B1FEE891408B2680E1 /* (null) in Frameworks */,
				5E3880FB7A6AAFABC437818E /* libPods.a in Frameworks */,
			);
			runOnlyForDeploymentPostprocessing = 0;
		};
/* End PBXFrameworksBuildPhase section */

/* Begin PBXGroup section */
		2E1E83CDA014AE1BD4524E3F /* Pods */ = {
			isa = PBXGroup;
			children = (
				04A9F8A2657FF8FB079EC6C8 /* Pods.debug.xcconfig */,
				7EEA09CBCCD55A621D120F1C /* Pods.release.xcconfig */,
			);
			name = Pods;
			sourceTree = "<group>";
		};
		6443CB071C46E9880016F53E = {
			isa = PBXGroup;
			children = (
				6443CB121C46E9880016F53E /* Memory Game */,
				6443CB2C1C46E9880016F53E /* Memory GameTests */,
				6443CB371C46E9880016F53E /* Memory GameUITests */,
				6443CB111C46E9880016F53E /* Products */,
				2E1E83CDA014AE1BD4524E3F /* Pods */,
				88A45E14DCBDC5D71B6C2EE9 /* Frameworks */,
			);
			sourceTree = "<group>";
		};
		6443CB111C46E9880016F53E /* Products */ = {
			isa = PBXGroup;
			children = (
				6443CB101C46E9880016F53E /* Memory Game.app */,
				6443CB291C46E9880016F53E /* Memory GameTests.xctest */,
				6443CB341C46E9880016F53E /* Memory GameUITests.xctest */,
			);
			name = Products;
			sourceTree = "<group>";
		};
		6443CB121C46E9880016F53E /* Memory Game */ = {
			isa = PBXGroup;
			children = (
				6443CB161C46E9880016F53E /* AppDelegate.h */,
				6443CB171C46E9880016F53E /* AppDelegate.m */,
				6443CB191C46E9880016F53E /* ViewController.h */,
				6443CB1A1C46E9880016F53E /* ViewController.m */,
				6443CB4D1C479B920016F53E /* GameViewController.h */,
				6443CB4E1C479B920016F53E /* GameViewController.m */,
				6443CB571C47B4E60016F53E /* PhotoCollectionViewCell.h */,
				6443CB581C47B4E60016F53E /* PhotoCollectionViewCell.m */,
				6443CB1C1C46E9880016F53E /* Main.storyboard */,
				6443CB4C1C46F2130016F53E /* Flickr */,
				6443CB1F1C46E9880016F53E /* Assets.xcassets */,
				6443CB211C46E9880016F53E /* LaunchScreen.storyboard */,
				6443CB241C46E9880016F53E /* Info.plist */,
				6443CB131C46E9880016F53E /* Supporting Files */,
			);
			path = "Memory Game";
			sourceTree = "<group>";
		};
		6443CB131C46E9880016F53E /* Supporting Files */ = {
			isa = PBXGroup;
			children = (
				6443CB141C46E9880016F53E /* main.m */,
			);
			name = "Supporting Files";
			sourceTree = "<group>";
		};
		6443CB2C1C46E9880016F53E /* Memory GameTests */ = {
			isa = PBXGroup;
			children = (
				6443CB2D1C46E9880016F53E /* Memory_GameTests.m */,
				6443CB2F1C46E9880016F53E /* Info.plist */,
			);
			path = "Memory GameTests";
			sourceTree = "<group>";
		};
		6443CB371C46E9880016F53E /* Memory GameUITests */ = {
			isa = PBXGroup;
			children = (
				6443CB381C46E9880016F53E /* Memory_GameUITests.m */,
				6443CB3A1C46E9880016F53E /* Info.plist */,
			);
			path = "Memory GameUITests";
			sourceTree = "<group>";
		};
		6443CB4C1C46F2130016F53E /* Flickr */ = {
			isa = PBXGroup;
			children = (
				6443CB461C46F20D0016F53E /* FlickrAPIKey.h */,
				6443CB471C46F20D0016F53E /* FlickrHelper.h */,
				6443CB481C46F20D0016F53E /* FlickrHelper.m */,
			);
			name = Flickr;
			sourceTree = "<group>";
		};
		88A45E14DCBDC5D71B6C2EE9 /* Frameworks */ = {
			isa = PBXGroup;
			children = (
				28616B5394EBD008C5DBE407 /* Pods_Memory_Game.framework */,
				02EB8D03D3B0236FBD01C7D8 /* libPods.a */,
			);
			name = Frameworks;
			sourceTree = "<group>";
		};
/* End PBXGroup section */

/* Begin PBXNativeTarget section */
		6443CB0F1C46E9880016F53E /* Memory Game */ = {
			isa = PBXNativeTarget;
			buildConfigurationList = 6443CB3D1C46E9880016F53E /* Build configuration list for PBXNativeTarget "Memory Game" */;
			buildPhases = (
				241D06ECAF209A81F16198BB /* Check Pods Manifest.lock */,
				6443CB0C1C46E9880016F53E /* Sources */,
				6443CB0D1C46E9880016F53E /* Frameworks */,
				6443CB0E1C46E9880016F53E /* Resources */,
				1784785B2405590DA03FD592 /* Embed Pods Frameworks */,
				239BE270D6B24853B51B7BC1 /* Copy Pods Resources */,
			);
			buildRules = (
			);
			dependencies = (
			);
			name = "Memory Game";
			productName = "Memory Game";
			productReference = 6443CB101C46E9880016F53E /* Memory Game.app */;
			productType = "com.apple.product-type.application";
		};
		6443CB281C46E9880016F53E /* Memory GameTests */ = {
			isa = PBXNativeTarget;
			buildConfigurationList = 6443CB401C46E9880016F53E /* Build configuration list for PBXNativeTarget "Memory GameTests" */;
			buildPhases = (
				291801D0491DC948E3A0E6C7 /* Check Pods Manifest.lock */,
				6443CB251C46E9880016F53E /* Sources */,
				6443CB261C46E9880016F53E /* Frameworks */,
				6443CB271C46E9880016F53E /* Resources */,
				9EF3466357F4189256B82703 /* Embed Pods Frameworks */,
				D67BD6EFCBE5F8FB9C6402E3 /* Copy Pods Resources */,
			);
			buildRules = (
			);
			dependencies = (
				6443CB2B1C46E9880016F53E /* PBXTargetDependency */,
			);
			name = "Memory GameTests";
			productName = "Memory GameTests";
			productReference = 6443CB291C46E9880016F53E /* Memory GameTests.xctest */;
			productType = "com.apple.product-type.bundle.unit-test";
		};
		6443CB331C46E9880016F53E /* Memory GameUITests */ = {
			isa = PBXNativeTarget;
			buildConfigurationList = 6443CB431C46E9880016F53E /* Build configuration list for PBXNativeTarget "Memory GameUITests" */;
			buildPhases = (
				AE315BF34B2672C70EA3AE28 /* Check Pods Manifest.lock */,
				6443CB301C46E9880016F53E /* Sources */,
				6443CB311C46E9880016F53E /* Frameworks */,
				6443CB321C46E9880016F53E /* Resources */,
				3B62A1E0FFCFDB7F5BC716E5 /* Copy Pods Resources */,
			);
			buildRules = (
			);
			dependencies = (
				6443CB361C46E9880016F53E /* PBXTargetDependency */,
			);
			name = "Memory GameUITests";
			productName = "Memory GameUITests";
			productReference = 6443CB341C46E9880016F53E /* Memory GameUITests.xctest */;
			productType = "com.apple.product-type.bundle.ui-testing";
		};
/* End PBXNativeTarget section */

/* Begin PBXProject section */
		6443CB081C46E9880016F53E /* Project object */ = {
			isa = PBXProject;
			attributes = {
				LastUpgradeCheck = 0710;
				ORGANIZATIONNAME = "Naresh Kalakuntla";
				TargetAttributes = {
					6443CB0F1C46E9880016F53E = {
						CreatedOnToolsVersion = 7.1.1;
					};
					6443CB281C46E9880016F53E = {
						CreatedOnToolsVersion = 7.1.1;
						TestTargetID = 6443CB0F1C46E9880016F53E;
					};
					6443CB331C46E9880016F53E = {
						CreatedOnToolsVersion = 7.1.1;
						TestTargetID = 6443CB0F1C46E9880016F53E;
					};
				};
			};
			buildConfigurationList = 6443CB0B1C46E9880016F53E /* Build configuration list for PBXProject "Memory Game" */;
			compatibilityVersion = "Xcode 3.2";
			developmentRegion = English;
			hasScannedForEncodings = 0;
			knownRegions = (
				en,
				Base,
			);
			mainGroup = 6443CB071C46E9880016F53E;
			productRefGroup = 6443CB111C46E9880016F53E /* Products */;
			projectDirPath = "";
			projectRoot = "";
			targets = (
				6443CB0F1C46E9880016F53E /* Memory Game */,
				6443CB281C46E9880016F53E /* Memory GameTests */,
				6443CB331C46E9880016F53E /* Memory GameUITests */,
			);
		};
/* End PBXProject section */

/* Begin PBXResourcesBuildPhase section */
		6443CB0E1C46E9880016F53E /* Resources */ = {
			isa = PBXResourcesBuildPhase;
			buildActionMask = 2147483647;
			files = (
				6443CB231C46E9880016F53E /* LaunchScreen.storyboard in Resources */,
				6443CB201C46E9880016F53E /* Assets.xcassets in Resources */,
				6443CB1E1C46E9880016F53E /* Main.storyboard in Resources */,
			);
			runOnlyForDeploymentPostprocessing = 0;
		};
		6443CB271C46E9880016F53E /* Resources */ = {
			isa = PBXResourcesBuildPhase;
			buildActionMask = 2147483647;
			files = (
			);
			runOnlyForDeploymentPostprocessing = 0;
		};
		6443CB321C46E9880016F53E /* Resources */ = {
			isa = PBXResourcesBuildPhase;
			buildActionMask = 2147483647;
			files = (
			);
			runOnlyForDeploymentPostprocessing = 0;
		};
/* End PBXResourcesBuildPhase section */

/* Begin PBXShellScriptBuildPhase section */
		1784785B2405590DA03FD592 /* Embed Pods Frameworks */ = {
			isa = PBXShellScriptBuildPhase;
			buildActionMask = 2147483647;
			files = (
			);
			inputPaths = (
			);
			name = "Embed Pods Frameworks";
			outputPaths = (
			);
			runOnlyForDeploymentPostprocessing = 0;
			shellPath = /bin/sh;
			shellScript = "\"${SRCROOT}/Pods/Target Support Files/Pods/Pods-frameworks.sh\"\n";
			showEnvVarsInLog = 0;
		};
		239BE270D6B24853B51B7BC1 /* Copy Pods Resources */ = {
			isa = PBXShellScriptBuildPhase;
			buildActionMask = 2147483647;
			files = (
			);
			inputPaths = (
			);
			name = "Copy Pods Resources";
			outputPaths = (
			);
			runOnlyForDeploymentPostprocessing = 0;
			shellPath = /bin/sh;
			shellScript = "\"${SRCROOT}/Pods/Target Support Files/Pods/Pods-resources.sh\"\n";
			showEnvVarsInLog = 0;
		};
		241D06ECAF209A81F16198BB /* Check Pods Manifest.lock */ = {
			isa = PBXShellScriptBuildPhase;
			buildActionMask = 2147483647;
			files = (
			);
			inputPaths = (
			);
			name = "Check Pods Manifest.lock";
			outputPaths = (
			);
			runOnlyForDeploymentPostprocessing = 0;
			shellPath = /bin/sh;
			shellScript = "diff \"${PODS_ROOT}/../Podfile.lock\" \"${PODS_ROOT}/Manifest.lock\" > /dev/null\nif [[ $? != 0 ]] ; then\n    cat << EOM\nerror: The sandbox is not in sync with the Podfile.lock. Run 'pod install' or update your CocoaPods installation.\nEOM\n    exit 1\nfi\n";
			showEnvVarsInLog = 0;
		};
		291801D0491DC948E3A0E6C7 /* Check Pods Manifest.lock */ = {
			isa = PBXShellScriptBuildPhase;
			buildActionMask = 2147483647;
			files = (
			);
			inputPaths = (
			);
			name = "Check Pods Manifest.lock";
			outputPaths = (
			);
			runOnlyForDeploymentPostprocessing = 0;
			shellPath = /bin/sh;
			shellScript = "diff \"${PODS_ROOT}/../Podfile.lock\" \"${PODS_ROOT}/Manifest.lock\" > /dev/null\nif [[ $? != 0 ]] ; then\n    cat << EOM\nerror: The sandbox is not in sync with the Podfile.lock. Run 'pod install' or update your CocoaPods installation.\nEOM\n    exit 1\nfi\n";
			showEnvVarsInLog = 0;
		};
		3B62A1E0FFCFDB7F5BC716E5 /* Copy Pods Resources */ = {
			isa = PBXShellScriptBuildPhase;
			buildActionMask = 2147483647;
			files = (
			);
			inputPaths = (
			);
			name = "Copy Pods Resources";
			outputPaths = (
			);
			runOnlyForDeploymentPostprocessing = 0;
			shellPath = /bin/sh;
			shellScript = "\"${SRCROOT}/Pods/Target Support Files/Pods/Pods-resources.sh\"\n";
			showEnvVarsInLog = 0;
		};
		9EF3466357F4189256B82703 /* Embed Pods Frameworks */ = {
			isa = PBXShellScriptBuildPhase;
			buildActionMask = 2147483647;
			files = (
			);
			inputPaths = (
			);
			name = "Embed Pods Frameworks";
			outputPaths = (
			);
			runOnlyForDeploymentPostprocessing = 0;
			shellPath = /bin/sh;
			shellScript = "\"${SRCROOT}/Pods/Target Support Files/Pods/Pods-frameworks.sh\"\n";
			showEnvVarsInLog = 0;
		};
		AE315BF34B2672C70EA3AE28 /* Check Pods Manifest.lock */ = {
			isa = PBXShellScriptBuildPhase;
			buildActionMask = 2147483647;
			files = (
			);
			inputPaths = (
			);
			name = "Check Pods Manifest.lock";
			outputPaths = (
			);
			runOnlyForDeploymentPostprocessing = 0;
			shellPath = /bin/sh;
			shellScript = "diff \"${PODS_ROOT}/../Podfile.lock\" \"${PODS_ROOT}/Manifest.lock\" > /dev/null\nif [[ $? != 0 ]] ; then\n    cat << EOM\nerror: The sandbox is not in sync with the Podfile.lock. Run 'pod install' or update your CocoaPods installation.\nEOM\n    exit 1\nfi\n";
			showEnvVarsInLog = 0;
		};
		D67BD6EFCBE5F8FB9C6402E3 /* Copy Pods Resources */ = {
			isa = PBXShellScriptBuildPhase;
			buildActionMask = 2147483647;
			files = (
			);
			inputPaths = (
			);
			name = "Copy Pods Resources";
			outputPaths = (
			);
			runOnlyForDeploymentPostprocessing = 0;
			shellPath = /bin/sh;
			shellScript = "\"${SRCROOT}/Pods/Target Support Files/Pods/Pods-resources.sh\"\n";
			showEnvVarsInLog = 0;
		};
/* End PBXShellScriptBuildPhase section */

/* Begin PBXSourcesBuildPhase section */
		6443CB0C1C46E9880016F53E /* Sources */ = {
			isa = PBXSourcesBuildPhase;
			buildActionMask = 2147483647;
			files = (
				6443CB591C47B4E60016F53E /* PhotoCollectionViewCell.m in Sources */,
				6443CB4F1C479B920016F53E /* GameViewController.m in Sources */,
				6443CB491C46F20D0016F53E /* FlickrHelper.m in Sources */,
				6443CB1B1C46E9880016F53E /* ViewController.m in Sources */,
				6443CB181C46E9880016F53E /* AppDelegate.m in Sources */,
				6443CB151C46E9880016F53E /* main.m in Sources */,
			);
			runOnlyForDeploymentPostprocessing = 0;
		};
		6443CB251C46E9880016F53E /* Sources */ = {
			isa = PBXSourcesBuildPhase;
			buildActionMask = 2147483647;
			files = (
				6443CB4A1C46F20D0016F53E /* FlickrHelper.m in Sources */,
				6443CB501C479B920016F53E /* GameViewController.m in Sources */,
				6443CB5A1C47B4E60016F53E /* PhotoCollectionViewCell.m in Sources */,
				6443CB2E1C46E9880016F53E /* Memory_GameTests.m in Sources */,
			);
			runOnlyForDeploymentPostprocessing = 0;
		};
		6443CB301C46E9880016F53E /* Sources */ = {
			isa = PBXSourcesBuildPhase;
			buildActionMask = 2147483647;
			files = (
				6443CB4B1C46F20D0016F53E /* FlickrHelper.m in Sources */,
				6443CB511C479B920016F53E /* GameViewController.m in Sources */,
				6443CB5B1C47B4E60016F53E /* PhotoCollectionViewCell.m in Sources */,
				6443CB391C46E9880016F53E /* Memory_GameUITests.m in Sources */,
			);
			runOnlyForDeploymentPostprocessing = 0;
		};
/* End PBXSourcesBuildPhase section */

/* Begin PBXTargetDependency section */
		6443CB2B1C46E9880016F53E /* PBXTargetDependency */ = {
			isa = PBXTargetDependency;
			target = 6443CB0F1C46E9880016F53E /* Memory Game */;
			targetProxy = 6443CB2A1C46E9880016F53E /* PBXContainerItemProxy */;
		};
		6443CB361C46E9880016F53E /* PBXTargetDependency */ = {
			isa = PBXTargetDependency;
			target = 6443CB0F1C46E9880016F53E /* Memory Game */;
			targetProxy = 6443CB351C46E9880016F53E /* PBXContainerItemProxy */;
		};
/* End PBXTargetDependency section */

/* Begin PBXVariantGroup section */
		6443CB1C1C46E9880016F53E /* Main.storyboard */ = {
			isa = PBXVariantGroup;
			children = (
				6443CB1D1C46E9880016F53E /* Base */,
			);
			name = Main.storyboard;
			sourceTree = "<group>";
		};
		6443CB211C46E9880016F53E /* LaunchScreen.storyboard */ = {
			isa = PBXVariantGroup;
			children = (
				6443CB221C46E9880016F53E /* Base */,
			);
			name = LaunchScreen.storyboard;
			sourceTree = "<group>";
		};
/* End PBXVariantGroup section */

/* Begin XCBuildConfiguration section */
		6443CB3B1C46E9880016F53E /* Debug */ = {
			isa = XCBuildConfiguration;
			buildSettings = {
				ALWAYS_SEARCH_USER_PATHS = NO;
				CLANG_CXX_LANGUAGE_STANDARD = "gnu++0x";
				CLANG_CXX_LIBRARY = "libc++";
				CLANG_ENABLE_MODULES = YES;
				CLANG_ENABLE_OBJC_ARC = YES;
				CLANG_WARN_BOOL_CONVERSION = YES;
				CLANG_WARN_CONSTANT_CONVERSION = YES;
				CLANG_WARN_DIRECT_OBJC_ISA_USAGE = YES_ERROR;
				CLANG_WARN_EMPTY_BODY = YES;
				CLANG_WARN_ENUM_CONVERSION = YES;
				CLANG_WARN_INT_CONVERSION = YES;
				CLANG_WARN_OBJC_ROOT_CLASS = YES_ERROR;
				CLANG_WARN_UNREACHABLE_CODE = YES;
				CLANG_WARN__DUPLICATE_METHOD_MATCH = YES;
				"CODE_SIGN_IDENTITY[sdk=iphoneos*]" = "iPhone Developer";
				COPY_PHASE_STRIP = NO;
				DEBUG_INFORMATION_FORMAT = dwarf;
				ENABLE_STRICT_OBJC_MSGSEND = YES;
				ENABLE_TESTABILITY = YES;
				GCC_C_LANGUAGE_STANDARD = gnu99;
				GCC_DYNAMIC_NO_PIC = NO;
				GCC_NO_COMMON_BLOCKS = YES;
				GCC_OPTIMIZATION_LEVEL = 0;
				GCC_PREPROCESSOR_DEFINITIONS = (
					"DEBUG=1",
					"$(inherited)",
				);
				GCC_WARN_64_TO_32_BIT_CONVERSION = YES;
				GCC_WARN_ABOUT_RETURN_TYPE = YES_ERROR;
				GCC_WARN_UNDECLARED_SELECTOR = YES;
				GCC_WARN_UNINITIALIZED_AUTOS = YES_AGGRESSIVE;
				GCC_WARN_UNUSED_FUNCTION = YES;
				GCC_WARN_UNUSED_VARIABLE = YES;
				IPHONEOS_DEPLOYMENT_TARGET = 9.1;
				MTL_ENABLE_DEBUG_INFO = YES;
				ONLY_ACTIVE_ARCH = YES;
				SDKROOT = iphoneos;
				TARGETED_DEVICE_FAMILY = "1,2";
			};
			name = Debug;
		};
		6443CB3C1C46E9880016F53E /* Release */ = {
			isa = XCBuildConfiguration;
			buildSettings = {
				ALWAYS_SEARCH_USER_PATHS = NO;
				CLANG_CXX_LANGUAGE_STANDARD = "gnu++0x";
				CLANG_CXX_LIBRARY = "libc++";
				CLANG_ENABLE_MODULES = YES;
				CLANG_ENABLE_OBJC_ARC = YES;
				CLANG_WARN_BOOL_CONVERSION = YES;
				CLANG_WARN_CONSTANT_CONVERSION = YES;
				CLANG_WARN_DIRECT_OBJC_ISA_USAGE = YES_ERROR;
				CLANG_WARN_EMPTY_BODY = YES;
				CLANG_WARN_ENUM_CONVERSION = YES;
				CLANG_WARN_INT_CONVERSION = YES;
				CLANG_WARN_OBJC_ROOT_CLASS = YES_ERROR;
				CLANG_WARN_UNREACHABLE_CODE = YES;
				CLANG_WARN__DUPLICATE_METHOD_MATCH = YES;
				"CODE_SIGN_IDENTITY[sdk=iphoneos*]" = "iPhone Developer";
				COPY_PHASE_STRIP = NO;
				DEBUG_INFORMATION_FORMAT = "dwarf-with-dsym";
				ENABLE_NS_ASSERTIONS = NO;
				ENABLE_STRICT_OBJC_MSGSEND = YES;
				GCC_C_LANGUAGE_STANDARD = gnu99;
				GCC_NO_COMMON_BLOCKS = YES;
				GCC_WARN_64_TO_32_BIT_CONVERSION = YES;
				GCC_WARN_ABOUT_RETURN_TYPE = YES_ERROR;
				GCC_WARN_UNDECLARED_SELECTOR = YES;
				GCC_WARN_UNINITIALIZED_AUTOS = YES_AGGRESSIVE;
				GCC_WARN_UNUSED_FUNCTION = YES;
				GCC_WARN_UNUSED_VARIABLE = YES;
				IPHONEOS_DEPLOYMENT_TARGET = 9.1;
				MTL_ENABLE_DEBUG_INFO = NO;
				SDKROOT = iphoneos;
				TARGETED_DEVICE_FAMILY = "1,2";
				VALIDATE_PRODUCT = YES;
			};
			name = Release;
		};
		6443CB3E1C46E9880016F53E /* Debug */ = {
			isa = XCBuildConfiguration;
			baseConfigurationReference = 04A9F8A2657FF8FB079EC6C8 /* Pods.debug.xcconfig */;
			buildSettings = {
				ASSETCATALOG_COMPILER_APPICON_NAME = AppIcon;
				INFOPLIST_FILE = "Memory Game/Info.plist";
				LD_RUNPATH_SEARCH_PATHS = "$(inherited) @executable_path/Frameworks";
				PRODUCT_BUNDLE_IDENTIFIER = "com.nk.Memory-Game";
				PRODUCT_NAME = "$(TARGET_NAME)";
			};
			name = Debug;
		};
		6443CB3F1C46E9880016F53E /* Release */ = {
			isa = XCBuildConfiguration;
			baseConfigurationReference = 7EEA09CBCCD55A621D120F1C /* Pods.release.xcconfig */;
			buildSettings = {
				ASSETCATALOG_COMPILER_APPICON_NAME = AppIcon;
				INFOPLIST_FILE = "Memory Game/Info.plist";
				LD_RUNPATH_SEARCH_PATHS = "$(inherited) @executable_path/Frameworks";
				PRODUCT_BUNDLE_IDENTIFIER = "com.nk.Memory-Game";
				PRODUCT_NAME = "$(TARGET_NAME)";
			};
			name = Release;
		};
		6443CB411C46E9880016F53E /* Debug */ = {
			isa = XCBuildConfiguration;
			baseConfigurationReference = 04A9F8A2657FF8FB079EC6C8 /* Pods.debug.xcconfig */;
			buildSettings = {
				BUNDLE_LOADER = "$(TEST_HOST)";
				INFOPLIST_FILE = "Memory GameTests/Info.plist";
				LD_RUNPATH_SEARCH_PATHS = "$(inherited) @executable_path/Frameworks @loader_path/Frameworks";
				PRODUCT_BUNDLE_IDENTIFIER = "com.nk.Memory-GameTests";
				PRODUCT_NAME = "$(TARGET_NAME)";
				TEST_HOST = "$(BUILT_PRODUCTS_DIR)/Memory Game.app/Memory Game";
			};
			name = Debug;
		};
		6443CB421C46E9880016F53E /* Release */ = {
			isa = XCBuildConfiguration;
			baseConfigurationReference = 7EEA09CBCCD55A621D120F1C /* Pods.release.xcconfig */;
			buildSettings = {
				BUNDLE_LOADER = "$(TEST_HOST)";
				INFOPLIST_FILE = "Memory GameTests/Info.plist";
				LD_RUNPATH_SEARCH_PATHS = "$(inherited) @executable_path/Frameworks @loader_path/Frameworks";
				PRODUCT_BUNDLE_IDENTIFIER = "com.nk.Memory-GameTests";
				PRODUCT_NAME = "$(TARGET_NAME)";
				TEST_HOST = "$(BUILT_PRODUCTS_DIR)/Memory Game.app/Memory Game";
			};
			name = Release;
		};
		6443CB441C46E9880016F53E /* Debug */ = {
			isa = XCBuildConfiguration;
			baseConfigurationReference = 04A9F8A2657FF8FB079EC6C8 /* Pods.debug.xcconfig */;
			buildSettings = {
				INFOPLIST_FILE = "Memory GameUITests/Info.plist";
				LD_RUNPATH_SEARCH_PATHS = "$(inherited) @executable_path/Frameworks @loader_path/Frameworks";
				PRODUCT_BUNDLE_IDENTIFIER = "com.nk.Memory-GameUITests";
				PRODUCT_NAME = "$(TARGET_NAME)";
				TEST_TARGET_NAME = "Memory Game";
				USES_XCTRUNNER = YES;
			};
			name = Debug;
		};
		6443CB451C46E9880016F53E /* Release */ = {
			isa = XCBuildConfiguration;
			baseConfigurationReference = 7EEA09CBCCD55A621D120F1C /* Pods.release.xcconfig */;
			buildSettings = {
				INFOPLIST_FILE = "Memory GameUITests/Info.plist";
				LD_RUNPATH_SEARCH_PATHS = "$(inherited) @executable_path/Frameworks @loader_path/Frameworks";
				PRODUCT_BUNDLE_IDENTIFIER = "com.nk.Memory-GameUITests";
				PRODUCT_NAME = "$(TARGET_NAME)";
				TEST_TARGET_NAME = "Memory Game";
				USES_XCTRUNNER = YES;
			};
			name = Release;
		};
/* End XCBuildConfiguration section */

/* Begin XCConfigurationList section */
		6443CB0B1C46E9880016F53E /* Build configuration list for PBXProject "Memory Game" */ = {
			isa = XCConfigurationList;
			buildConfigurations = (
				6443CB3B1C46E9880016F53E /* Debug */,
				6443CB3C1C46E9880016F53E /* Release */,
			);
			defaultConfigurationIsVisible = 0;
			defaultConfigurationName = Release;
		};
		6443CB3D1C46E9880016F53E /* Build configuration list for PBXNativeTarget "Memory Game" */ = {
			isa = XCConfigurationList;
			buildConfigurations = (
				6443CB3E1C46E9880016F53E /* Debug */,
				6443CB3F1C46E9880016F53E /* Release */,
			);
			defaultConfigurationIsVisible = 0;
			defaultConfigurationName = Release;
		};
		6443CB401C46E9880016F53E /* Build configuration list for PBXNativeTarget "Memory GameTests" */ = {
			isa = XCConfigurationList;
			buildConfigurations = (
				6443CB411C46E9880016F53E /* Debug */,
				6443CB421C46E9880016F53E /* Release */,
			);
			defaultConfigurationIsVisible = 0;
			defaultConfigurationName = Release;
		};
		6443CB431C46E9880016F53E /* Build configuration list for PBXNativeTarget "Memory GameUITests" */ = {
			isa = XCConfigurationList;
			buildConfigurations = (
				6443CB441C46E9880016F53E /* Debug */,
				6443CB451C46E9880016F53E /* Release */,
			);
			defaultConfigurationIsVisible = 0;
			defaultConfigurationName = Release;
		};
/* End XCConfigurationList section */
	};
	rootObject = 6443CB081C46E9880016F53E /* Project object */;
}
